
Microsoft Visual Studio Solution File, Format Version 12.00
# Visual Studio Version 17
VisualStudioVersion = 17.5.002.0
MinimumVisualStudioVersion = 10.0.40219.1
Project("{9A19103F-16F7-4668-BE54-9A1E7A4F7556}") = "ProjetBanque", "ProjetBanque.csproj", "{B3019BDE-968E-441C-9B69-606750BDC246}"
EndProject
Global
	GlobalSection(SolutionConfigurationPlatforms) = preSolution
		Debug|Any CPU = Debug|Any CPU
		Release|Any CPU = Release|Any CPU
	EndGlobalSection
	GlobalSection(ProjectConfigurationPlatforms) = postSolution
		{B3019BDE-968E-441C-9B69-606750BDC246}.Debug|Any CPU.ActiveCfg = Debug|Any CPU
		{B3019BDE-968E-441C-9B69-606750BDC246}.Debug|Any CPU.Build.0 = Debug|Any CPU
		{B3019BDE-968E-441C-9B69-606750BDC246}.Release|Any CPU.ActiveCfg = Release|Any CPU
		{B3019BDE-968E-441C-9B69-606750BDC246}.Release|Any CPU.Build.0 = Release|Any CPU
	EndGlobalSection
	GlobalSection(SolutionProperties) = preSolution
		HideSolutionNode = FALSE
	EndGlobalSection
	GlobalSection(ExtensibilityGlobals) = postSolution
		SolutionGuid = {4895A304-3138-4C46-AC34-655AFD69A917}
	EndGlobalSection
EndGlobal
